Microsoft Visual Studio Solution File, Format Version 12.00
# Visual Studio Version 17
VisualStudioVersion = 17.5.2.0
MinimumVisualStudioVersion = 10.0.40219.1
Project("{FAE04EC0-301F-11D3-BF4B-00C04F79EFBC}") = "backend", "server\backend.csproj", "{C7B72812-E035-FD94-DC55-007C7CDE5983}"
EndProject
Global
	GlobalSection(SolutionConfigurationPlatforms) = preSolution
		Debug|Any CPU = Debug|Any CPU
		Release|Any CPU = Release|Any CPU
	EndGlobalSection
	GlobalSection(ProjectConfigurationPlatforms) = postSolution
		{C7B72812-E035-FD94-DC55-007C7CDE5983}.Debug|Any CPU.ActiveCfg = Debug|Any CPU
		{C7B72812-E035-FD94-DC55-007C7CDE5983}.Debug|Any CPU.Build.0 = Debug|Any CPU
		{C7B72812-E035-FD94-DC55-007C7CDE5983}.Release|Any CPU.ActiveCfg = Release|Any CPU
		{C7B72812-E035-FD94-DC55-007C7CDE5983}.Release|Any CPU.Build.0 = Release|Any CPU
	EndGlobalSection
	GlobalSection(SolutionProperties) = preSolution
		HideSolutionNode = FALSE
	EndGlobalSection
	GlobalSection(ExtensibilityGlobals) = postSolution
		SolutionGuid = {5EC85823-D562-44DA-AA2B-2F7A38B5E4BC}
	EndGlobalSection
EndGlobal
